// !$*UTF8*$!
{
	archiveVersion = 1;
	classes = {
	};
	objectVersion = 50;
	objects = {

/* Begin PBXBuildFile section */
		B6880CD123F3F76500DE91B2 /* AppDelegate.m in Sources */ = {isa = PBXBuildFile; fileRef = B6880CD023F3F76500DE91B2 /* AppDelegate.m */; };
		B6880CD423F3F76500DE91B2 /* SceneDelegate.m in Sources */ = {isa = PBXBuildFile; fileRef = B6880CD323F3F76500DE91B2 /* SceneDelegate.m */; };
		B6880CD723F3F76500DE91B2 /* TestViewController.m in Sources */ = {isa = PBXBuildFile; fileRef = B6880CD623F3F76500DE91B2 /* TestViewController.m */; };
		B6880CDC23F3F77100DE91B2 /* Assets.xcassets in Resources */ = {isa = PBXBuildFile; fileRef = B6880CDB23F3F77100DE91B2 /* Assets.xcassets */; };
		B6880CDF23F3F77100DE91B2 /* LaunchScreen.storyboard in Resources */ = {isa = PBXBuildFile; fileRef = B6880CDD23F3F77100DE91B2 /* LaunchScreen.storyboard */; };
		B6880CE223F3F77100DE91B2 /* main.m in Sources */ = {isa = PBXBuildFile; fileRef = B6880CE123F3F77100DE91B2 /* main.m */; };
		B6880CED23F57B0200DE91B2 /* Country.m in Sources */ = {isa = PBXBuildFile; fileRef = B6880CEC23F57B0200DE91B2 /* Country.m */; };
		B6880CF123F57CCC00DE91B2 /* City.m in Sources */ = {isa = PBXBuildFile; fileRef = B6880CF023F57CCC00DE91B2 /* City.m */; };
		B6880CF423F57DE900DE91B2 /* Airport.m in Sources */ = {isa = PBXBuildFile; fileRef = B6880CF323F57DE900DE91B2 /* Airport.m */; };
		B6880CF723F57EC200DE91B2 /* DataManager.m in Sources */ = {isa = PBXBuildFile; fileRef = B6880CF623F57EC200DE91B2 /* DataManager.m */; };
		B6880CFA23F581EC00DE91B2 /* MainViewController.m in Sources */ = {isa = PBXBuildFile; fileRef = B6880CF923F581EC00DE91B2 /* MainViewController.m */; };
		B6DB17D823F5E8A100B2BD61 /* TestSecondViewController.m in Sources */ = {isa = PBXBuildFile; fileRef = B6DB17D723F5E8A100B2BD61 /* TestSecondViewController.m */; };
		B6DB17DD23FC5CF900B2BD61 /* countries.json in Resources */ = {isa = PBXBuildFile; fileRef = B6DB17DA23FC5CF700B2BD61 /* countries.json */; };
		B6DB17DE23FC5CF900B2BD61 /* cities.json in Resources */ = {isa = PBXBuildFile; fileRef = B6DB17DB23FC5CF700B2BD61 /* cities.json */; };
		B6DB17DF23FC5CF900B2BD61 /* airports.json in Resources */ = {isa = PBXBuildFile; fileRef = B6DB17DC23FC5CF800B2BD61 /* airports.json */; };
		B6EB28F123FDBCDC00508DC5 /* PlaceViewController.m in Sources */ = {isa = PBXBuildFile; fileRef = B6EB28F023FDBCDC00508DC5 /* PlaceViewController.m */; };
		B6EB28FB240330F800508DC5 /* PlaceTableViewCell.m in Sources */ = {isa = PBXBuildFile; fileRef = B6EB28FA240330F800508DC5 /* PlaceTableViewCell.m */; };
/* End PBXBuildFile section */

/* Begin PBXFileReference section */
		B6880CCC23F3F76500DE91B2 /* PushMe.app */ = {isa = PBXFileReference; explicitFileType = wrapper.application; includeInIndex = 0; path = PushMe.app; sourceTree = BUILT_PRODUCTS_DIR; };
		B6880CCF23F3F76500DE91B2 /* AppDelegate.h */ = {isa = PBXFileReference; lastKnownFileType = sourcecode.c.h; path = AppDelegate.h; sourceTree = "<group>"; };
		B6880CD023F3F76500DE91B2 /* AppDelegate.m */ = {isa = PBXFileReference; lastKnownFileType = sourcecode.c.objc; path = AppDelegate.m; sourceTree = "<group>"; };
		B6880CD223F3F76500DE91B2 /* SceneDelegate.h */ = {isa = PBXFileReference; lastKnownFileType = sourcecode.c.h; path = SceneDelegate.h; sourceTree = "<group>"; };
		B6880CD323F3F76500DE91B2 /* SceneDelegate.m */ = {isa = PBXFileReference; lastKnownFileType = sourcecode.c.objc; path = SceneDelegate.m; sourceTree = "<group>"; };
		B6880CD523F3F76500DE91B2 /* TestViewController.h */ = {isa = PBXFileReference; lastKnownFileType = sourcecode.c.h; path = TestViewController.h; sourceTree = "<group>"; };
		B6880CD623F3F76500DE91B2 /* TestViewController.m */ = {isa = PBXFileReference; lastKnownFileType = sourcecode.c.objc; path = TestViewController.m; sourceTree = "<group>"; };
		B6880CDB23F3F77100DE91B2 /* Assets.xcassets */ = {isa = PBXFileReference; lastKnownFileType = folder.assetcatalog; path = Assets.xcassets; sourceTree = "<group>"; };
		B6880CDE23F3F77100DE91B2 /* Base */ = {isa = PBXFileReference; lastKnownFileType = file.storyboard; name = Base; path = Base.lproj/LaunchScreen.storyboard; sourceTree = "<group>"; };
		B6880CE023F3F77100DE91B2 /* Info.plist */ = {isa = PBXFileReference; lastKnownFileType = text.plist.xml; path = Info.plist; sourceTree = "<group>"; };
		B6880CE123F3F77100DE91B2 /* main.m */ = {isa = PBXFileReference; lastKnownFileType = sourcecode.c.objc; path = main.m; sourceTree = "<group>"; };
		B6880CEB23F57B0200DE91B2 /* Country.h */ = {isa = PBXFileReference; lastKnownFileType = sourcecode.c.h; path = Country.h; sourceTree = "<group>"; };
		B6880CEC23F57B0200DE91B2 /* Country.m */ = {isa = PBXFileReference; lastKnownFileType = sourcecode.c.objc; path = Country.m; sourceTree = "<group>"; };
		B6880CEF23F57CCC00DE91B2 /* City.h */ = {isa = PBXFileReference; lastKnownFileType = sourcecode.c.h; path = City.h; sourceTree = "<group>"; };
		B6880CF023F57CCC00DE91B2 /* City.m */ = {isa = PBXFileReference; lastKnownFileType = sourcecode.c.objc; path = City.m; sourceTree = "<group>"; };
		B6880CF223F57DE900DE91B2 /* Airport.h */ = {isa = PBXFileReference; lastKnownFileType = sourcecode.c.h; path = Airport.h; sourceTree = "<group>"; };
		B6880CF323F57DE900DE91B2 /* Airport.m */ = {isa = PBXFileReference; lastKnownFileType = sourcecode.c.objc; path = Airport.m; sourceTree = "<group>"; };
		B6880CF523F57EC200DE91B2 /* DataManager.h */ = {isa = PBXFileReference; lastKnownFileType = sourcecode.c.h; path = DataManager.h; sourceTree = "<group>"; };
		B6880CF623F57EC200DE91B2 /* DataManager.m */ = {isa = PBXFileReference; lastKnownFileType = sourcecode.c.objc; path = DataManager.m; sourceTree = "<group>"; };
		B6880CF823F581EC00DE91B2 /* MainViewController.h */ = {isa = PBXFileReference; lastKnownFileType = sourcecode.c.h; path = MainViewController.h; sourceTree = "<group>"; };
		B6880CF923F581EC00DE91B2 /* MainViewController.m */ = {isa = PBXFileReference; lastKnownFileType = sourcecode.c.objc; path = MainViewController.m; sourceTree = "<group>"; };
		B6DB17D623F5E8A100B2BD61 /* TestSecondViewController.h */ = {isa = PBXFileReference; lastKnownFileType = sourcecode.c.h; path = TestSecondViewController.h; sourceTree = "<group>"; };
		B6DB17D723F5E8A100B2BD61 /* TestSecondViewController.m */ = {isa = PBXFileReference; lastKnownFileType = sourcecode.c.objc; path = TestSecondViewController.m; sourceTree = "<group>"; };
		B6DB17DA23FC5CF700B2BD61 /* countries.json */ = {isa = PBXFileReference; fileEncoding = 4; lastKnownFileType = text.json; path = countries.json; sourceTree = "<group>"; };
		B6DB17DB23FC5CF700B2BD61 /* cities.json */ = {isa = PBXFileReference; fileEncoding = 4; lastKnownFileType = text.json; path = cities.json; sourceTree = "<group>"; };
		B6DB17DC23FC5CF800B2BD61 /* airports.json */ = {isa = PBXFileReference; fileEncoding = 4; lastKnownFileType = text.json; path = airports.json; sourceTree = "<group>"; };
		B6EB28EF23FDBCDC00508DC5 /* PlaceViewController.h */ = {isa = PBXFileReference; lastKnownFileType = sourcecode.c.h; path = PlaceViewController.h; sourceTree = "<group>"; };
		B6EB28F023FDBCDC00508DC5 /* PlaceViewController.m */ = {isa = PBXFileReference; lastKnownFileType = sourcecode.c.objc; path = PlaceViewController.m; sourceTree = "<group>"; };
		B6EB28F9240330F800508DC5 /* PlaceTableViewCell.h */ = {isa = PBXFileReference; lastKnownFileType = sourcecode.c.h; path = PlaceTableViewCell.h; sourceTree = "<group>"; };
		B6EB28FA240330F800508DC5 /* PlaceTableViewCell.m */ = {isa = PBXFileReference; lastKnownFileType = sourcecode.c.objc; path = PlaceTableViewCell.m; sourceTree = "<group>"; };
/* End PBXFileReference section */

/* Begin PBXFrameworksBuildPhase section */
		B6880CC923F3F76500DE91B2 /* Frameworks */ = {
			isa = PBXFrameworksBuildPhase;
			buildActionMask = 2147483647;
			files = (
			);
			runOnlyForDeploymentPostprocessing = 0;
		};
/* End PBXFrameworksBuildPhase section */

/* Begin PBXGroup section */
		B6880CC323F3F76500DE91B2 = {
			isa = PBXGroup;
			children = (
				B6880CCE23F3F76500DE91B2 /* PushMe */,
				B6880CCD23F3F76500DE91B2 /* Products */,
			);
			sourceTree = "<group>";
		};
		B6880CCD23F3F76500DE91B2 /* Products */ = {
			isa = PBXGroup;
			children = (
				B6880CCC23F3F76500DE91B2 /* PushMe.app */,
			);
			name = Products;
			sourceTree = "<group>";
		};
		B6880CCE23F3F76500DE91B2 /* PushMe */ = {
			isa = PBXGroup;
			children = (
				B6EB28EE23FD965300508DC5 /* Delegate */,
				B6DB17D923FC5C5900B2BD61 /* Resources */,
				B6880CFB23F5820300DE91B2 /* Controller */,
				B6EB28FC2403334300508DC5 /* View */,
				B6EB28ED23FD963200508DC5 /* Data Manager */,
				B6880CEE23F57BA800DE91B2 /* Model */,
				B6880CDB23F3F77100DE91B2 /* Assets.xcassets */,
				B6880CDD23F3F77100DE91B2 /* LaunchScreen.storyboard */,
				B6880CE023F3F77100DE91B2 /* Info.plist */,
				B6880CE123F3F77100DE91B2 /* main.m */,
				B6EB28EC23FD95F900508DC5 /* Test */,
			);
			path = PushMe;
			sourceTree = "<group>";
		};
		B6880CEE23F57BA800DE91B2 /* Model */ = {
			isa = PBXGroup;
			children = (
				B6880CEB23F57B0200DE91B2 /* Country.h */,
				B6880CEC23F57B0200DE91B2 /* Country.m */,
				B6880CEF23F57CCC00DE91B2 /* City.h */,
				B6880CF023F57CCC00DE91B2 /* City.m */,
				B6880CF223F57DE900DE91B2 /* Airport.h */,
				B6880CF323F57DE900DE91B2 /* Airport.m */,
			);
			path = Model;
			sourceTree = "<group>";
		};
		B6880CFB23F5820300DE91B2 /* Controller */ = {
			isa = PBXGroup;
			children = (
				B6EB28EF23FDBCDC00508DC5 /* PlaceViewController.h */,
				B6EB28F023FDBCDC00508DC5 /* PlaceViewController.m */,
				B6880CF823F581EC00DE91B2 /* MainViewController.h */,
				B6880CF923F581EC00DE91B2 /* MainViewController.m */,
			);
			path = Controller;
			sourceTree = "<group>";
		};
		B6DB17D923FC5C5900B2BD61 /* Resources */ = {
			isa = PBXGroup;
			children = (
				B6DB17DC23FC5CF800B2BD61 /* airports.json */,
				B6DB17DB23FC5CF700B2BD61 /* cities.json */,
				B6DB17DA23FC5CF700B2BD61 /* countries.json */,
			);
			path = Resources;
			sourceTree = "<group>";
		};
		B6EB28EC23FD95F900508DC5 /* Test */ = {
			isa = PBXGroup;
			children = (
				B6880CD523F3F76500DE91B2 /* TestViewController.h */,
				B6880CD623F3F76500DE91B2 /* TestViewController.m */,
				B6DB17D623F5E8A100B2BD61 /* TestSecondViewController.h */,
				B6DB17D723F5E8A100B2BD61 /* TestSecondViewController.m */,
			);
			path = Test;
			sourceTree = "<group>";
		};
		B6EB28ED23FD963200508DC5 /* Data Manager */ = {
			isa = PBXGroup;
			children = (
				B6880CF523F57EC200DE91B2 /* DataManager.h */,
				B6880CF623F57EC200DE91B2 /* DataManager.m */,
			);
			path = "Data Manager";
			sourceTree = "<group>";
		};
		B6EB28EE23FD965300508DC5 /* Delegate */ = {
			isa = PBXGroup;
			children = (
				B6880CCF23F3F76500DE91B2 /* AppDelegate.h */,
				B6880CD023F3F76500DE91B2 /* AppDelegate.m */,
				B6880CD223F3F76500DE91B2 /* SceneDelegate.h */,
				B6880CD323F3F76500DE91B2 /* SceneDelegate.m */,
			);
			path = Delegate;
			sourceTree = "<group>";
		};
		B6EB28FC2403334300508DC5 /* View */ = {
			isa = PBXGroup;
			children = (
				B6EB28F9240330F800508DC5 /* PlaceTableViewCell.h */,
				B6EB28FA240330F800508DC5 /* PlaceTableViewCell.m */,
			);
			path = View;
			sourceTree = "<group>";
		};
/* End PBXGroup section */

/* Begin PBXNativeTarget section */
		B6880CCB23F3F76500DE91B2 /* PushMe */ = {
			isa = PBXNativeTarget;
			buildConfigurationList = B6880CE523F3F77100DE91B2 /* Build configuration list for PBXNativeTarget "PushMe" */;
			buildPhases = (
				B6880CC823F3F76500DE91B2 /* Sources */,
				B6880CC923F3F76500DE91B2 /* Frameworks */,
				B6880CCA23F3F76500DE91B2 /* Resources */,
			);
			buildRules = (
			);
			dependencies = (
			);
			name = PushMe;
			productName = PushMe;
			productReference = B6880CCC23F3F76500DE91B2 /* PushMe.app */;
			productType = "com.apple.product-type.application";
		};
/* End PBXNativeTarget section */

/* Begin PBXProject section */
		B6880CC423F3F76500DE91B2 /* Project object */ = {
			isa = PBXProject;
			attributes = {
				LastUpgradeCheck = 1130;
				ORGANIZATIONNAME = "Aleksandr Fetisov";
				TargetAttributes = {
					B6880CCB23F3F76500DE91B2 = {
						CreatedOnToolsVersion = 11.3.1;
					};
				};
			};
			buildConfigurationList = B6880CC723F3F76500DE91B2 /* Build configuration list for PBXProject "PushMe" */;
			compatibilityVersion = "Xcode 9.3";
			developmentRegion = en;
			hasScannedForEncodings = 0;
			knownRegions = (
				en,
				Base,
			);
			mainGroup = B6880CC323F3F76500DE91B2;
			productRefGroup = B6880CCD23F3F76500DE91B2 /* Products */;
			projectDirPath = "";
			projectRoot = "";
			targets = (
				B6880CCB23F3F76500DE91B2 /* PushMe */,
			);
		};
/* End PBXProject section */

/* Begin PBXResourcesBuildPhase section */
		B6880CCA23F3F76500DE91B2 /* Resources */ = {
			isa = PBXResourcesBuildPhase;
			buildActionMask = 2147483647;
			files = (
				B6DB17DE23FC5CF900B2BD61 /* cities.json in Resources */,
				B6DB17DD23FC5CF900B2BD61 /* countries.json in Resources */,
				B6880CDF23F3F77100DE91B2 /* LaunchScreen.storyboard in Resources */,
				B6880CDC23F3F77100DE91B2 /* Assets.xcassets in Resources */,
				B6DB17DF23FC5CF900B2BD61 /* airports.json in Resources */,
			);
			runOnlyForDeploymentPostprocessing = 0;
		};
/* End PBXResourcesBuildPhase section */

/* Begin PBXSourcesBuildPhase section */
		B6880CC823F3F76500DE91B2 /* Sources */ = {
			isa = PBXSourcesBuildPhase;
			buildActionMask = 2147483647;
			files = (
				B6DB17D823F5E8A100B2BD61 /* TestSecondViewController.m in Sources */,
				B6880CD723F3F76500DE91B2 /* TestViewController.m in Sources */,
				B6EB28F123FDBCDC00508DC5 /* PlaceViewController.m in Sources */,
				B6880CD123F3F76500DE91B2 /* AppDelegate.m in Sources */,
				B6880CF423F57DE900DE91B2 /* Airport.m in Sources */,
				B6880CF123F57CCC00DE91B2 /* City.m in Sources */,
				B6880CFA23F581EC00DE91B2 /* MainViewController.m in Sources */,
				B6880CE223F3F77100DE91B2 /* main.m in Sources */,
				B6880CF723F57EC200DE91B2 /* DataManager.m in Sources */,
				B6880CD423F3F76500DE91B2 /* SceneDelegate.m in Sources */,
				B6880CED23F57B0200DE91B2 /* Country.m in Sources */,
				B6EB28FB240330F800508DC5 /* PlaceTableViewCell.m in Sources */,
			);
			runOnlyForDeploymentPostprocessing = 0;
		};
/* End PBXSourcesBuildPhase section */

/* Begin PBXVariantGroup section */
		B6880CDD23F3F77100DE91B2 /* LaunchScreen.storyboard */ = {
			isa = PBXVariantGroup;
			children = (
				B6880CDE23F3F77100DE91B2 /* Base */,
			);
			name = LaunchScreen.storyboard;
			sourceTree = "<group>";
		};
/* End PBXVariantGroup section */

/* Begin XCBuildConfiguration section */
		B6880CE323F3F77100DE91B2 /* Debug */ = {
			isa = XCBuildConfiguration;
			buildSettings = {
				ALWAYS_SEARCH_USER_PATHS = NO;
				CLANG_ANALYZER_NONNULL = YES;
				CLANG_ANALYZER_NUMBER_OBJECT_CONVERSION = YES_AGGRESSIVE;
				CLANG_CXX_LANGUAGE_STANDARD = "gnu++14";
				CLANG_CXX_LIBRARY = "libc++";
				CLANG_ENABLE_MODULES = YES;
				CLANG_ENABLE_OBJC_ARC = YES;
				CLANG_ENABLE_OBJC_WEAK = YES;
				CLANG_WARN_BLOCK_CAPTURE_AUTORELEASING = YES;
				CLANG_WARN_BOOL_CONVERSION = YES;
				CLANG_WARN_COMMA = YES;
				CLANG_WARN_CONSTANT_CONVERSION = YES;
				CLANG_WARN_DEPRECATED_OBJC_IMPLEMENTATIONS = YES;
				CLANG_WARN_DIRECT_OBJC_ISA_USAGE = YES_ERROR;
				CLANG_WARN_DOCUMENTATION_COMMENTS = YES;
				CLANG_WARN_EMPTY_BODY = YES;
				CLANG_WARN_ENUM_CONVERSION = YES;
				CLANG_WARN_INFINITE_RECURSION = YES;
				CLANG_WARN_INT_CONVERSION = YES;
				CLANG_WARN_NON_LITERAL_NULL_CONVERSION = YES;
				CLANG_WARN_OBJC_IMPLICIT_RETAIN_SELF = YES;
				CLANG_WARN_OBJC_LITERAL_CONVERSION = YES;
				CLANG_WARN_OBJC_ROOT_CLASS = YES_ERROR;
				CLANG_WARN_RANGE_LOOP_ANALYSIS = YES;
				CLANG_WARN_STRICT_PROTOTYPES = YES;
				CLANG_WARN_SUSPICIOUS_MOVE = YES;
				CLANG_WARN_UNGUARDED_AVAILABILITY = YES_AGGRESSIVE;
				CLANG_WARN_UNREACHABLE_CODE = YES;
				CLANG_WARN__DUPLICATE_METHOD_MATCH = YES;
				COPY_PHASE_STRIP = NO;
				DEBUG_INFORMATION_FORMAT = dwarf;
				ENABLE_STRICT_OBJC_MSGSEND = YES;
				ENABLE_TESTABILITY = YES;
				GCC_C_LANGUAGE_STANDARD = gnu11;
				GCC_DYNAMIC_NO_PIC = NO;
				GCC_NO_COMMON_BLOCKS = YES;
				GCC_OPTIMIZATION_LEVEL = 0;
				GCC_PREPROCESSOR_DEFINITIONS = (
					"DEBUG=1",
					"$(inherited)",
				);
				GCC_WARN_64_TO_32_BIT_CONVERSION = YES;
				GCC_WARN_ABOUT_RETURN_TYPE = YES_ERROR;
				GCC_WARN_UNDECLARED_SELECTOR = YES;
				GCC_WARN_UNINITIALIZED_AUTOS = YES_AGGRESSIVE;
				GCC_WARN_UNUSED_FUNCTION = YES;
				GCC_WARN_UNUSED_VARIABLE = YES;
				IPHONEOS_DEPLOYMENT_TARGET = 13.2;
				MTL_ENABLE_DEBUG_INFO = INCLUDE_SOURCE;
				MTL_FAST_MATH = YES;
				ONLY_ACTIVE_ARCH = YES;
				SDKROOT = iphoneos;
			};
			name = Debug;
		};
		B6880CE423F3F77100DE91B2 /* Release */ = {
			isa = XCBuildConfiguration;
			buildSettings = {
				ALWAYS_SEARCH_USER_PATHS = NO;
				CLANG_ANALYZER_NONNULL = YES;
				CLANG_ANALYZER_NUMBER_OBJECT_CONVERSION = YES_AGGRESSIVE;
				CLANG_CXX_LANGUAGE_STANDARD = "gnu++14";
				CLANG_CXX_LIBRARY = "libc++";
				CLANG_ENABLE_MODULES = YES;
				CLANG_ENABLE_OBJC_ARC = YES;
				CLANG_ENABLE_OBJC_WEAK = YES;
				CLANG_WARN_BLOCK_CAPTURE_AUTORELEASING = YES;
				CLANG_WARN_BOOL_CONVERSION = YES;
				CLANG_WARN_COMMA = YES;
				CLANG_WARN_CONSTANT_CONVERSION = YES;
				CLANG_WARN_DEPRECATED_OBJC_IMPLEMENTATIONS = YES;
				CLANG_WARN_DIRECT_OBJC_ISA_USAGE = YES_ERROR;
				CLANG_WARN_DOCUMENTATION_COMMENTS = YES;
				CLANG_WARN_EMPTY_BODY = YES;
				CLANG_WARN_ENUM_CONVERSION = YES;
				CLANG_WARN_INFINITE_RECURSION = YES;
				CLANG_WARN_INT_CONVERSION = YES;
				CLANG_WARN_NON_LITERAL_NULL_CONVERSION = YES;
				CLANG_WARN_OBJC_IMPLICIT_RETAIN_SELF = YES;
				CLANG_WARN_OBJC_LITERAL_CONVERSION = YES;
				CLANG_WARN_OBJC_ROOT_CLASS = YES_ERROR;
				CLANG_WARN_RANGE_LOOP_ANALYSIS = YES;
				CLANG_WARN_STRICT_PROTOTYPES = YES;
				CLANG_WARN_SUSPICIOUS_MOVE = YES;
				CLANG_WARN_UNGUARDED_AVAILABILITY = YES_AGGRESSIVE;
				CLANG_WARN_UNREACHABLE_CODE = YES;
				CLANG_WARN__DUPLICATE_METHOD_MATCH = YES;
				COPY_PHASE_STRIP = NO;
				DEBUG_INFORMATION_FORMAT = "dwarf-with-dsym";
				ENABLE_NS_ASSERTIONS = NO;
				ENABLE_STRICT_OBJC_MSGSEND = YES;
				GCC_C_LANGUAGE_STANDARD = gnu11;
				GCC_NO_COMMON_BLOCKS = YES;
				GCC_WARN_64_TO_32_BIT_CONVERSION = YES;
				GCC_WARN_ABOUT_RETURN_TYPE = YES_ERROR;
				GCC_WARN_UNDECLARED_SELECTOR = YES;
				GCC_WARN_UNINITIALIZED_AUTOS = YES_AGGRESSIVE;
				GCC_WARN_UNUSED_FUNCTION = YES;
				GCC_WARN_UNUSED_VARIABLE = YES;
				IPHONEOS_DEPLOYMENT_TARGET = 13.2;
				MTL_ENABLE_DEBUG_INFO = NO;
				MTL_FAST_MATH = YES;
				SDKROOT = iphoneos;
				VALIDATE_PRODUCT = YES;
			};
			name = Release;
		};
		B6880CE623F3F77100DE91B2 /* Debug */ = {
			isa = XCBuildConfiguration;
			buildSettings = {
				ASSETCATALOG_COMPILER_APPICON_NAME = AppIcon;
				CODE_SIGN_STYLE = Automatic;
				DEVELOPMENT_TEAM = 77NB29ZK26;
				INFOPLIST_FILE = PushMe/Info.plist;
				LD_RUNPATH_SEARCH_PATHS = (
					"$(inherited)",
					"@executable_path/Frameworks",
				);
				PRODUCT_BUNDLE_IDENTIFIER = ru.geekbrains.PushMe;
				PRODUCT_NAME = "$(TARGET_NAME)";
				TARGETED_DEVICE_FAMILY = "1,2";
			};
			name = Debug;
		};
		B6880CE723F3F77100DE91B2 /* Release */ = {
			isa = XCBuildConfiguration;
			buildSettings = {
				ASSETCATALOG_COMPILER_APPICON_NAME = AppIcon;
				CODE_SIGN_STYLE = Automatic;
				DEVELOPMENT_TEAM = 77NB29ZK26;
				INFOPLIST_FILE = PushMe/Info.plist;
				LD_RUNPATH_SEARCH_PATHS = (
					"$(inherited)",
					"@executable_path/Frameworks",
				);
				PRODUCT_BUNDLE_IDENTIFIER = ru.geekbrains.PushMe;
				PRODUCT_NAME = "$(TARGET_NAME)";
				TARGETED_DEVICE_FAMILY = "1,2";
			};
			name = Release;
		};
/* End XCBuildConfiguration section */

/* Begin XCConfigurationList section */
		B6880CC723F3F76500DE91B2 /* Build configuration list for PBXProject "PushMe" */ = {
			isa = XCConfigurationList;
			buildConfigurations = (
				B6880CE323F3F77100DE91B2 /* Debug */,
				B6880CE423F3F77100DE91B2 /* Release */,
			);
			defaultConfigurationIsVisible = 0;
			defaultConfigurationName = Release;
		};
		B6880CE523F3F77100DE91B2 /* Build configuration list for PBXNativeTarget "PushMe" */ = {
			isa = XCConfigurationList;
			buildConfigurations = (
				B6880CE623F3F77100DE91B2 /* Debug */,
				B6880CE723F3F77100DE91B2 /* Release */,
			);
			defaultConfigurationIsVisible = 0;
			defaultConfigurationName = Release;
		};
/* End XCConfigurationList section */
	};
	rootObject = B6880CC423F3F76500DE91B2 /* Project object */;
}
